
Microsoft Visual Studio Solution File, Format Version 10.00
# Visual Studio 2008
Project("{FAE04EC0-301F-11D3-BF4B-00C04F79EFBC}") = "29.4 htm;", "29.4 htm;\29.4 htm;.csproj", "{032E99B0-E32F-4AC9-BAFD-F799F358BFBB}"
EndProject
Global
	GlobalSection(SolutionConfigurationPlatforms) = preSolution
		Debug|Any CPU = Debug|Any CPU
		Release|Any CPU = Release|Any CPU
	EndGlobalSection
	GlobalSection(ProjectConfigurationPlatforms) = postSolution
		{032E99B0-E32F-4AC9-BAFD-F799F358BFBB}.Debug|Any CPU.ActiveCfg = Debug|Any CPU
		{032E99B0-E32F-4AC9-BAFD-F799F358BFBB}.Debug|Any CPU.Build.0 = Debug|Any CPU
		{032E99B0-E32F-4AC9-BAFD-F799F358BFBB}.Release|Any CPU.ActiveCfg = Release|Any CPU
		{032E99B0-E32F-4AC9-BAFD-F799F358BFBB}.Release|Any CPU.Build.0 = Release|Any CPU
	EndGlobalSection
	GlobalSection(SolutionProperties) = preSolution
		HideSolutionNode = FALSE
	EndGlobalSection
EndGlobal
